
Microsoft Visual Studio Solution File, Format Version 12.00
# Visual Studio Version 17
VisualStudioVersion = 17.14.36414.22
MinimumVisualStudioVersion = 10.0.40219.1
Project("{FAE04EC0-301F-11D3-BF4B-00C04F79EFBC}") = "Ink.Logger.Schema", "Ink.Logger.Schema\Ink.Logger.Schema.csproj", "{2D15D601-78BE-C54C-B769-08AEF47270E1}"
EndProject
Project("{FAE04EC0-301F-11D3-BF4B-00C04F79EFBC}") = "Ink.Logger", "Ink.Logger\Ink.Logger.csproj", "{F9107229-8E73-5B3C-6A23-5624362B25FB}"
EndProject
Project("{FAE04EC0-301F-11D3-BF4B-00C04F79EFBC}") = "Ink.Logger.Console", "Ink.Logger.Console\Ink.Logger.Console.csproj", "{AB68B3D4-2B0D-4E05-8A35-B55A34AA433F}"
EndProject
Project("{FAE04EC0-301F-11D3-BF4B-00C04F79EFBC}") = "Ink.Logger.File", "Ink.Logger.File\Ink.Logger.File.csproj", "{F1F52E4D-A569-48E0-91AC-0518A801CD87}"
EndProject
Global
	GlobalSection(SolutionConfigurationPlatforms) = preSolution
		Debug|Any CPU = Debug|Any CPU
		Release|Any CPU = Release|Any CPU
	EndGlobalSection
	GlobalSection(ProjectConfigurationPlatforms) = postSolution
		{2D15D601-78BE-C54C-B769-08AEF47270E1}.Debug|Any CPU.ActiveCfg = Debug|Any CPU
		{2D15D601-78BE-C54C-B769-08AEF47270E1}.Debug|Any CPU.Build.0 = Debug|Any CPU
		{2D15D601-78BE-C54C-B769-08AEF47270E1}.Release|Any CPU.ActiveCfg = Release|Any CPU
		{2D15D601-78BE-C54C-B769-08AEF47270E1}.Release|Any CPU.Build.0 = Release|Any CPU
		{F9107229-8E73-5B3C-6A23-5624362B25FB}.Debug|Any CPU.ActiveCfg = Debug|Any CPU
		{F9107229-8E73-5B3C-6A23-5624362B25FB}.Debug|Any CPU.Build.0 = Debug|Any CPU
		{F9107229-8E73-5B3C-6A23-5624362B25FB}.Release|Any CPU.ActiveCfg = Release|Any CPU
		{F9107229-8E73-5B3C-6A23-5624362B25FB}.Release|Any CPU.Build.0 = Release|Any CPU
		{AB68B3D4-2B0D-4E05-8A35-B55A34AA433F}.Debug|Any CPU.ActiveCfg = Debug|Any CPU
		{AB68B3D4-2B0D-4E05-8A35-B55A34AA433F}.Debug|Any CPU.Build.0 = Debug|Any CPU
		{AB68B3D4-2B0D-4E05-8A35-B55A34AA433F}.Release|Any CPU.ActiveCfg = Release|Any CPU
		{AB68B3D4-2B0D-4E05-8A35-B55A34AA433F}.Release|Any CPU.Build.0 = Release|Any CPU
		{F1F52E4D-A569-48E0-91AC-0518A801CD87}.Debug|Any CPU.ActiveCfg = Debug|Any CPU
		{F1F52E4D-A569-48E0-91AC-0518A801CD87}.Debug|Any CPU.Build.0 = Debug|Any CPU
		{F1F52E4D-A569-48E0-91AC-0518A801CD87}.Release|Any CPU.ActiveCfg = Release|Any CPU
		{F1F52E4D-A569-48E0-91AC-0518A801CD87}.Release|Any CPU.Build.0 = Release|Any CPU
	EndGlobalSection
	GlobalSection(SolutionProperties) = preSolution
		HideSolutionNode = FALSE
	EndGlobalSection
	GlobalSection(ExtensibilityGlobals) = postSolution
		SolutionGuid = {9BCD056F-6D54-49C9-8DB5-784D26CD4761}
	EndGlobalSection
EndGlobal
